// !$*UTF8*$!
{
	archiveVersion = 1;
	classes = {
	};
	objectVersion = 77;
	objects = {

/* Begin PBXBuildFile section */
		A41B99722E93602900D7059D /* Beirut.ttc in Resources */ = {isa = PBXBuildFile; fileRef = A41B99712E93602900D7059D /* Beirut.ttc */; };
		A41B99732E93602900D7059D /* Beirut.ttc in Resources */ = {isa = PBXBuildFile; fileRef = A41B99712E93602900D7059D /* Beirut.ttc */; };
		A41B99742E93602900D7059D /* Beirut.ttc in Resources */ = {isa = PBXBuildFile; fileRef = A41B99712E93602900D7059D /* Beirut.ttc */; };
		A41B99C62E97A64C00D7059D /* HVD_Peace.ttf in Resources */ = {isa = PBXBuildFile; fileRef = A41B99C52E97A64C00D7059D /* HVD_Peace.ttf */; };
		A41B99C72E97A64C00D7059D /* HVD_Peace.ttf in Resources */ = {isa = PBXBuildFile; fileRef = A41B99C52E97A64C00D7059D /* HVD_Peace.ttf */; };
		A41B99C82E97A64C00D7059D /* HVD_Peace.ttf in Resources */ = {isa = PBXBuildFile; fileRef = A41B99C52E97A64C00D7059D /* HVD_Peace.ttf */; };
		A41B99D22E97CA3A00D7059D /* Audiowide-Regular.ttf in Resources */ = {isa = PBXBuildFile; fileRef = A41B99D12E97CA3A00D7059D /* Audiowide-Regular.ttf */; };
		A41B99D32E97CA3A00D7059D /* Audiowide-Regular.ttf in Resources */ = {isa = PBXBuildFile; fileRef = A41B99D12E97CA3A00D7059D /* Audiowide-Regular.ttf */; };
		A41B99D42E97CA3A00D7059D /* Audiowide-Regular.ttf in Resources */ = {isa = PBXBuildFile; fileRef = A41B99D12E97CA3A00D7059D /* Audiowide-Regular.ttf */; };
		A41B99D82E986E1200D7059D /* Arial Black.ttf in Resources */ = {isa = PBXBuildFile; fileRef = A41B99D72E986E1200D7059D /* Arial Black.ttf */; };
		A41B99D92E986E1200D7059D /* Arial Black.ttf in Resources */ = {isa = PBXBuildFile; fileRef = A41B99D72E986E1200D7059D /* Arial Black.ttf */; };
		A41B99DA2E986E1200D7059D /* Arial Black.ttf in Resources */ = {isa = PBXBuildFile; fileRef = A41B99D72E986E1200D7059D /* Arial Black.ttf */; };
		A41B99E02E991F0B00D7059D /* BebasNeue-Regular.ttf in Resources */ = {isa = PBXBuildFile; fileRef = A41B99DF2E991F0B00D7059D /* BebasNeue-Regular.ttf */; };
		A41B99E12E991F0B00D7059D /* BebasNeue-Regular.ttf in Resources */ = {isa = PBXBuildFile; fileRef = A41B99DF2E991F0B00D7059D /* BebasNeue-Regular.ttf */; };
		A41B99E22E991F0B00D7059D /* BebasNeue-Regular.ttf in Resources */ = {isa = PBXBuildFile; fileRef = A41B99DF2E991F0B00D7059D /* BebasNeue-Regular.ttf */; };
		A41B99E42E99329F00D7059D /* blowbrush.ttf in Resources */ = {isa = PBXBuildFile; fileRef = A41B99E32E99329F00D7059D /* blowbrush.ttf */; };
		A41B99E52E99329F00D7059D /* blowbrush.ttf in Resources */ = {isa = PBXBuildFile; fileRef = A41B99E32E99329F00D7059D /* blowbrush.ttf */; };
		A41B99E62E99329F00D7059D /* blowbrush.ttf in Resources */ = {isa = PBXBuildFile; fileRef = A41B99E32E99329F00D7059D /* blowbrush.ttf */; };
		A4CB79FE2E91300E00BCBFAE /* Herculanum.ttf in Resources */ = {isa = PBXBuildFile; fileRef = A4CB79FD2E91300E00BCBFAE /* Herculanum.ttf */; };
		A4CB79FF2E91300E00BCBFAE /* Herculanum.ttf in Resources */ = {isa = PBXBuildFile; fileRef = A4CB79FD2E91300E00BCBFAE /* Herculanum.ttf */; };
		A4CB7A002E91300E00BCBFAE /* Herculanum.ttf in Resources */ = {isa = PBXBuildFile; fileRef = A4CB79FD2E91300E00BCBFAE /* Herculanum.ttf */; };
/* End PBXBuildFile section */

/* Begin PBXContainerItemProxy section */
		A45109562E90546100E4AE05 /* PBXContainerItemProxy */ = {
			isa = PBXContainerItemProxy;
			containerPortal = A451090A2E904C7D00E4AE05 /* Project object */;
			proxyType = 1;
			remoteGlobalIDString = A45109452E90546000E4AE05;
			remoteInfo = "CoinStreak IOS";
		};
		A45109602E90546100E4AE05 /* PBXContainerItemProxy */ = {
			isa = PBXContainerItemProxy;
			containerPortal = A451090A2E904C7D00E4AE05 /* Project object */;
			proxyType = 1;
			remoteGlobalIDString = A45109452E90546000E4AE05;
			remoteInfo = "CoinStreak IOS";
		};
/* End PBXContainerItemProxy section */

/* Begin PBXFileReference section */
		A41B99712E93602900D7059D /* Beirut.ttc */ = {isa = PBXFileReference; lastKnownFileType = file; path = Beirut.ttc; sourceTree = "<group>"; };
		A41B99C52E97A64C00D7059D /* HVD_Peace.ttf */ = {isa = PBXFileReference; lastKnownFileType = file; path = HVD_Peace.ttf; sourceTree = "<group>"; };
		A41B99D12E97CA3A00D7059D /* Audiowide-Regular.ttf */ = {isa = PBXFileReference; lastKnownFileType = file; path = "Audiowide-Regular.ttf"; sourceTree = "<group>"; };
		A41B99D72E986E1200D7059D /* Arial Black.ttf */ = {isa = PBXFileReference; lastKnownFileType = file; path = "Arial Black.ttf"; sourceTree = "<group>"; };
		A41B99DF2E991F0B00D7059D /* BebasNeue-Regular.ttf */ = {isa = PBXFileReference; lastKnownFileType = file; path = "BebasNeue-Regular.ttf"; sourceTree = "<group>"; };
		A41B99E32E99329F00D7059D /* blowbrush.ttf */ = {isa = PBXFileReference; lastKnownFileType = file; path = blowbrush.ttf; sourceTree = "<group>"; };
		A45109402E904FEE00E4AE05 /* .gitignore */ = {isa = PBXFileReference; lastKnownFileType = text; path = .gitignore; sourceTree = "<group>"; };
		A45109462E90546000E4AE05 /* CoinStreak IOS.app */ = {isa = PBXFileReference; explicitFileType = wrapper.application; includeInIndex = 0; path = "CoinStreak IOS.app"; sourceTree = BUILT_PRODUCTS_DIR; };
		A45109552E90546100E4AE05 /* CoinStreak IOSTests.xctest */ = {isa = PBXFileReference; explicitFileType = wrapper.cfbundle; includeInIndex = 0; path = "CoinStreak IOSTests.xctest"; sourceTree = BUILT_PRODUCTS_DIR; };
		A451095F2E90546100E4AE05 /* CoinStreak IOSUITests.xctest */ = {isa = PBXFileReference; explicitFileType = wrapper.cfbundle; includeInIndex = 0; path = "CoinStreak IOSUITests.xctest"; sourceTree = BUILT_PRODUCTS_DIR; };
		A4CB79FD2E91300E00BCBFAE /* Herculanum.ttf */ = {isa = PBXFileReference; lastKnownFileType = file; path = Herculanum.ttf; sourceTree = "<group>"; };
/* End PBXFileReference section */

/* Begin PBXFileSystemSynchronizedRootGroup section */
		A45109472E90546000E4AE05 /* CoinStreak IOS */ = {
			isa = PBXFileSystemSynchronizedRootGroup;
			path = "CoinStreak IOS";
			sourceTree = "<group>";
		};
		A45109582E90546100E4AE05 /* CoinStreak IOSTests */ = {
			isa = PBXFileSystemSynchronizedRootGroup;
			path = "CoinStreak IOSTests";
			sourceTree = "<group>";
		};
		A45109622E90546100E4AE05 /* CoinStreak IOSUITests */ = {
			isa = PBXFileSystemSynchronizedRootGroup;
			path = "CoinStreak IOSUITests";
			sourceTree = "<group>";
		};
/* End PBXFileSystemSynchronizedRootGroup section */

/* Begin PBXFrameworksBuildPhase section */
		A45109432E90546000E4AE05 /* Frameworks */ = {
			isa = PBXFrameworksBuildPhase;
			buildActionMask = 2147483647;
			files = (
			);
			runOnlyForDeploymentPostprocessing = 0;
		};
		A45109522E90546100E4AE05 /* Frameworks */ = {
			isa = PBXFrameworksBuildPhase;
			buildActionMask = 2147483647;
			files = (
			);
			runOnlyForDeploymentPostprocessing = 0;
		};
		A451095C2E90546100E4AE05 /* Frameworks */ = {
			isa = PBXFrameworksBuildPhase;
			buildActionMask = 2147483647;
			files = (
			);
			runOnlyForDeploymentPostprocessing = 0;
		};
/* End PBXFrameworksBuildPhase section */

/* Begin PBXGroup section */
		A45109092E904C7D00E4AE05 = {
			isa = PBXGroup;
			children = (
				A4CB79FC2E912FB500BCBFAE /* Fonts */,
				A45109402E904FEE00E4AE05 /* .gitignore */,
				A45109472E90546000E4AE05 /* CoinStreak IOS */,
				A45109582E90546100E4AE05 /* CoinStreak IOSTests */,
				A45109622E90546100E4AE05 /* CoinStreak IOSUITests */,
				A45109132E904C7E00E4AE05 /* Products */,
			);
			sourceTree = "<group>";
		};
		A45109132E904C7E00E4AE05 /* Products */ = {
			isa = PBXGroup;
			children = (
				A45109462E90546000E4AE05 /* CoinStreak IOS.app */,
				A45109552E90546100E4AE05 /* CoinStreak IOSTests.xctest */,
				A451095F2E90546100E4AE05 /* CoinStreak IOSUITests.xctest */,
			);
			name = Products;
			sourceTree = "<group>";
		};
		A4CB79FC2E912FB500BCBFAE /* Fonts */ = {
			isa = PBXGroup;
			children = (
				A4CB79FD2E91300E00BCBFAE /* Herculanum.ttf */,
				A41B99712E93602900D7059D /* Beirut.ttc */,
				A41B99C52E97A64C00D7059D /* HVD_Peace.ttf */,
				A41B99D12E97CA3A00D7059D /* Audiowide-Regular.ttf */,
				A41B99D72E986E1200D7059D /* Arial Black.ttf */,
				A41B99DF2E991F0B00D7059D /* BebasNeue-Regular.ttf */,
				A41B99E32E99329F00D7059D /* blowbrush.ttf */,
			);
			path = Fonts;
			sourceTree = "<group>";
		};
/* End PBXGroup section */

/* Begin PBXNativeTarget section */
		A45109452E90546000E4AE05 /* CoinStreak IOS */ = {
			isa = PBXNativeTarget;
			buildConfigurationList = A45109672E90546100E4AE05 /* Build configuration list for PBXNativeTarget "CoinStreak IOS" */;
			buildPhases = (
				A45109422E90546000E4AE05 /* Sources */,
				A45109432E90546000E4AE05 /* Frameworks */,
				A45109442E90546000E4AE05 /* Resources */,
			);
			buildRules = (
			);
			dependencies = (
			);
			fileSystemSynchronizedGroups = (
				A45109472E90546000E4AE05 /* CoinStreak IOS */,
			);
			name = "CoinStreak IOS";
			packageProductDependencies = (
			);
			productName = "CoinStreak IOS";
			productReference = A45109462E90546000E4AE05 /* CoinStreak IOS.app */;
			productType = "com.apple.product-type.application";
		};
		A45109542E90546100E4AE05 /* CoinStreak IOSTests */ = {
			isa = PBXNativeTarget;
			buildConfigurationList = A451096A2E90546100E4AE05 /* Build configuration list for PBXNativeTarget "CoinStreak IOSTests" */;
			buildPhases = (
				A45109512E90546100E4AE05 /* Sources */,
				A45109522E90546100E4AE05 /* Frameworks */,
				A45109532E90546100E4AE05 /* Resources */,
			);
			buildRules = (
			);
			dependencies = (
				A45109572E90546100E4AE05 /* PBXTargetDependency */,
			);
			fileSystemSynchronizedGroups = (
				A45109582E90546100E4AE05 /* CoinStreak IOSTests */,
			);
			name = "CoinStreak IOSTests";
			packageProductDependencies = (
			);
			productName = "CoinStreak IOSTests";
			productReference = A45109552E90546100E4AE05 /* CoinStreak IOSTests.xctest */;
			productType = "com.apple.product-type.bundle.unit-test";
		};
		A451095E2E90546100E4AE05 /* CoinStreak IOSUITests */ = {
			isa = PBXNativeTarget;
			buildConfigurationList = A451096D2E90546100E4AE05 /* Build configuration list for PBXNativeTarget "CoinStreak IOSUITests" */;
			buildPhases = (
				A451095B2E90546100E4AE05 /* Sources */,
				A451095C2E90546100E4AE05 /* Frameworks */,
				A451095D2E90546100E4AE05 /* Resources */,
			);
			buildRules = (
			);
			dependencies = (
				A45109612E90546100E4AE05 /* PBXTargetDependency */,
			);
			fileSystemSynchronizedGroups = (
				A45109622E90546100E4AE05 /* CoinStreak IOSUITests */,
			);
			name = "CoinStreak IOSUITests";
			packageProductDependencies = (
			);
			productName = "CoinStreak IOSUITests";
			productReference = A451095F2E90546100E4AE05 /* CoinStreak IOSUITests.xctest */;
			productType = "com.apple.product-type.bundle.ui-testing";
		};
/* End PBXNativeTarget section */

/* Begin PBXProject section */
		A451090A2E904C7D00E4AE05 /* Project object */ = {
			isa = PBXProject;
			attributes = {
				BuildIndependentTargetsInParallel = 1;
				LastSwiftUpdateCheck = 1600;
				LastUpgradeCheck = 1600;
				TargetAttributes = {
					A45109452E90546000E4AE05 = {
						CreatedOnToolsVersion = 16.0;
					};
					A45109542E90546100E4AE05 = {
						CreatedOnToolsVersion = 16.0;
						TestTargetID = A45109452E90546000E4AE05;
					};
					A451095E2E90546100E4AE05 = {
						CreatedOnToolsVersion = 16.0;
						TestTargetID = A45109452E90546000E4AE05;
					};
				};
			};
			buildConfigurationList = A451090D2E904C7D00E4AE05 /* Build configuration list for PBXProject "CoinStreak" */;
			developmentRegion = en;
			hasScannedForEncodings = 0;
			knownRegions = (
				en,
				Base,
			);
			mainGroup = A45109092E904C7D00E4AE05;
			minimizedProjectReferenceProxies = 1;
			preferredProjectObjectVersion = 77;
			productRefGroup = A45109132E904C7E00E4AE05 /* Products */;
			projectDirPath = "";
			projectRoot = "";
			targets = (
				A45109452E90546000E4AE05 /* CoinStreak IOS */,
				A45109542E90546100E4AE05 /* CoinStreak IOSTests */,
				A451095E2E90546100E4AE05 /* CoinStreak IOSUITests */,
			);
		};
/* End PBXProject section */

/* Begin PBXResourcesBuildPhase section */
		A45109442E90546000E4AE05 /* Resources */ = {
			isa = PBXResourcesBuildPhase;
			buildActionMask = 2147483647;
			files = (
				A4CB79FF2E91300E00BCBFAE /* Herculanum.ttf in Resources */,
				A41B99E22E991F0B00D7059D /* BebasNeue-Regular.ttf in Resources */,
				A41B99C82E97A64C00D7059D /* HVD_Peace.ttf in Resources */,
				A41B99D82E986E1200D7059D /* Arial Black.ttf in Resources */,
				A41B99E42E99329F00D7059D /* blowbrush.ttf in Resources */,
				A41B99732E93602900D7059D /* Beirut.ttc in Resources */,
				A41B99D42E97CA3A00D7059D /* Audiowide-Regular.ttf in Resources */,
			);
			runOnlyForDeploymentPostprocessing = 0;
		};
		A45109532E90546100E4AE05 /* Resources */ = {
			isa = PBXResourcesBuildPhase;
			buildActionMask = 2147483647;
			files = (
				A41B99722E93602900D7059D /* Beirut.ttc in Resources */,
				A41B99E62E99329F00D7059D /* blowbrush.ttf in Resources */,
				A41B99C62E97A64C00D7059D /* HVD_Peace.ttf in Resources */,
				A41B99E02E991F0B00D7059D /* BebasNeue-Regular.ttf in Resources */,
				A41B99DA2E986E1200D7059D /* Arial Black.ttf in Resources */,
				A4CB79FE2E91300E00BCBFAE /* Herculanum.ttf in Resources */,
				A41B99D22E97CA3A00D7059D /* Audiowide-Regular.ttf in Resources */,
			);
			runOnlyForDeploymentPostprocessing = 0;
		};
		A451095D2E90546100E4AE05 /* Resources */ = {
			isa = PBXResourcesBuildPhase;
			buildActionMask = 2147483647;
			files = (
				A41B99742E93602900D7059D /* Beirut.ttc in Resources */,
				A41B99E52E99329F00D7059D /* blowbrush.ttf in Resources */,
				A41B99C72E97A64C00D7059D /* HVD_Peace.ttf in Resources */,
				A41B99E12E991F0B00D7059D /* BebasNeue-Regular.ttf in Resources */,
				A41B99D92E986E1200D7059D /* Arial Black.ttf in Resources */,
				A4CB7A002E91300E00BCBFAE /* Herculanum.ttf in Resources */,
				A41B99D32E97CA3A00D7059D /* Audiowide-Regular.ttf in Resources */,
			);
			runOnlyForDeploymentPostprocessing = 0;
		};
/* End PBXResourcesBuildPhase section */

/* Begin PBXSourcesBuildPhase section */
		A45109422E90546000E4AE05 /* Sources */ = {
			isa = PBXSourcesBuildPhase;
			buildActionMask = 2147483647;
			files = (
			);
			runOnlyForDeploymentPostprocessing = 0;
		};
		A45109512E90546100E4AE05 /* Sources */ = {
			isa = PBXSourcesBuildPhase;
			buildActionMask = 2147483647;
			files = (
			);
			runOnlyForDeploymentPostprocessing = 0;
		};
		A451095B2E90546100E4AE05 /* Sources */ = {
			isa = PBXSourcesBuildPhase;
			buildActionMask = 2147483647;
			files = (
			);
			runOnlyForDeploymentPostprocessing = 0;
		};
/* End PBXSourcesBuildPhase section */

/* Begin PBXTargetDependency section */
		A45109572E90546100E4AE05 /* PBXTargetDependency */ = {
			isa = PBXTargetDependency;
			target = A45109452E90546000E4AE05 /* CoinStreak IOS */;
			targetProxy = A45109562E90546100E4AE05 /* PBXContainerItemProxy */;
		};
		A45109612E90546100E4AE05 /* PBXTargetDependency */ = {
			isa = PBXTargetDependency;
			target = A45109452E90546000E4AE05 /* CoinStreak IOS */;
			targetProxy = A45109602E90546100E4AE05 /* PBXContainerItemProxy */;
		};
/* End PBXTargetDependency section */

/* Begin XCBuildConfiguration section */
		A41B99FA2E9B621100D7059D /* Trailer */ = {
			isa = XCBuildConfiguration;
			buildSettings = {
				ALWAYS_SEARCH_USER_PATHS = NO;
				ASSETCATALOG_COMPILER_GENERATE_SWIFT_ASSET_SYMBOL_EXTENSIONS = YES;
				CLANG_ANALYZER_NONNULL = YES;
				CLANG_ANALYZER_NUMBER_OBJECT_CONVERSION = YES_AGGRESSIVE;
				CLANG_CXX_LANGUAGE_STANDARD = "gnu++20";
				CLANG_ENABLE_MODULES = YES;
				CLANG_ENABLE_OBJC_ARC = YES;
				CLANG_ENABLE_OBJC_WEAK = YES;
				CLANG_WARN_BLOCK_CAPTURE_AUTORELEASING = YES;
				CLANG_WARN_BOOL_CONVERSION = YES;
				CLANG_WARN_COMMA = YES;
				CLANG_WARN_CONSTANT_CONVERSION = YES;
				CLANG_WARN_DEPRECATED_OBJC_IMPLEMENTATIONS = YES;
				CLANG_WARN_DIRECT_OBJC_ISA_USAGE = YES_ERROR;
				CLANG_WARN_DOCUMENTATION_COMMENTS = YES;
				CLANG_WARN_EMPTY_BODY = YES;
				CLANG_WARN_ENUM_CONVERSION = YES;
				CLANG_WARN_INFINITE_RECURSION = YES;
				CLANG_WARN_INT_CONVERSION = YES;
				CLANG_WARN_NON_LITERAL_NULL_CONVERSION = YES;
				CLANG_WARN_OBJC_IMPLICIT_RETAIN_SELF = YES;
				CLANG_WARN_OBJC_LITERAL_CONVERSION = YES;
				CLANG_WARN_OBJC_ROOT_CLASS = YES_ERROR;
				CLANG_WARN_QUOTED_INCLUDE_IN_FRAMEWORK_HEADER = YES;
				CLANG_WARN_RANGE_LOOP_ANALYSIS = YES;
				CLANG_WARN_STRICT_PROTOTYPES = YES;
				CLANG_WARN_SUSPICIOUS_MOVE = YES;
				CLANG_WARN_UNGUARDED_AVAILABILITY = YES_AGGRESSIVE;
				CLANG_WARN_UNREACHABLE_CODE = YES;
				CLANG_WARN__DUPLICATE_METHOD_MATCH = YES;
				COPY_PHASE_STRIP = NO;
				DEBUG_INFORMATION_FORMAT = "dwarf-with-dsym";
				ENABLE_NS_ASSERTIONS = NO;
				ENABLE_STRICT_OBJC_MSGSEND = YES;
				ENABLE_USER_SCRIPT_SANDBOXING = YES;
				GCC_C_LANGUAGE_STANDARD = gnu17;
				GCC_NO_COMMON_BLOCKS = YES;
				GCC_WARN_64_TO_32_BIT_CONVERSION = YES;
				GCC_WARN_ABOUT_RETURN_TYPE = YES_ERROR;
				GCC_WARN_UNDECLARED_SELECTOR = YES;
				GCC_WARN_UNINITIALIZED_AUTOS = YES_AGGRESSIVE;
				GCC_WARN_UNUSED_FUNCTION = YES;
				GCC_WARN_UNUSED_VARIABLE = YES;
				LOCALIZATION_PREFERS_STRING_CATALOGS = YES;
				MACOSX_DEPLOYMENT_TARGET = 15.0;
				MTL_ENABLE_DEBUG_INFO = NO;
				MTL_FAST_MATH = YES;
				SDKROOT = macosx;
				SWIFT_COMPILATION_MODE = wholemodule;
			};
			name = Trailer;
		};
		A41B99FB2E9B621100D7059D /* Trailer */ = {
			isa = XCBuildConfiguration;
			buildSettings = {
				ASSETCATALOG_COMPILER_APPICON_NAME = AppIcon;
				ASSETCATALOG_COMPILER_GLOBAL_ACCENT_COLOR_NAME = AccentColor;
				CODE_SIGN_STYLE = Automatic;
				COPY_PHASE_STRIP = YES;
				CURRENT_PROJECT_VERSION = 5;
				DEVELOPMENT_ASSET_PATHS = "\"CoinStreak IOS/Preview Content\"";
				DEVELOPMENT_TEAM = JL27N9Z2S7;
				ENABLE_PREVIEWS = YES;
				GENERATE_INFOPLIST_FILE = YES;
				INFOPLIST_KEY_CFBundleDisplayName = "Flip Streak";
				INFOPLIST_KEY_LSApplicationCategoryType = "public.app-category.games";
				INFOPLIST_KEY_UIAppFonts = Fonts/Herculanum.ttf;
				INFOPLIST_KEY_UIApplicationSceneManifest_Generation = YES;
				INFOPLIST_KEY_UIApplicationSupportsIndirectInputEvents = YES;
				INFOPLIST_KEY_UILaunchScreen_Generation = YES;
				INFOPLIST_KEY_UISupportedInterfaceOrientations = UIInterfaceOrientationPortrait;
				IPHONEOS_DEPLOYMENT_TARGET = 18.0;
				LD_RUNPATH_SEARCH_PATHS = (
					"$(inherited)",
					"@executable_path/Frameworks",
				);
				MARKETING_VERSION = 1.0.2;
				"OTHER_SWIFT_FLAGS[arch=*]" = "-D TRAILER_RESET";
				PRODUCT_BUNDLE_IDENTIFIER = "HorizonRidge.CoinStreak-IOS.Trailer";
				PRODUCT_NAME = "$(TARGET_NAME)";
				SDKROOT = iphoneos;
				SUPPORTED_PLATFORMS = "iphoneos iphonesimulator";
				SUPPORTS_MACCATALYST = NO;
				SUPPORTS_MAC_DESIGNED_FOR_IPHONE_IPAD = NO;
				SUPPORTS_XR_DESIGNED_FOR_IPHONE_IPAD = NO;
				SWIFT_EMIT_LOC_STRINGS = YES;
				SWIFT_VERSION = 5.0;
				TARGETED_DEVICE_FAMILY = 1;
				VALIDATE_PRODUCT = YES;
			};
			name = Trailer;
		};
		A41B99FC2E9B621100D7059D /* Trailer */ = {
			isa = XCBuildConfiguration;
			buildSettings = {
				BUNDLE_LOADER = "$(TEST_HOST)";
				CODE_SIGN_STYLE = Automatic;
				CURRENT_PROJECT_VERSION = 1;
				GENERATE_INFOPLIST_FILE = YES;
				IPHONEOS_DEPLOYMENT_TARGET = 18.0;
				MARKETING_VERSION = 1.0;
				PRODUCT_BUNDLE_IDENTIFIER = "HorizonRidge.CoinStreak-IOSTests";
				PRODUCT_NAME = "$(TARGET_NAME)";
				SDKROOT = iphoneos;
				SWIFT_EMIT_LOC_STRINGS = NO;
				SWIFT_VERSION = 5.0;
				TARGETED_DEVICE_FAMILY = "1,2";
				TEST_HOST = "$(BUILT_PRODUCTS_DIR)/CoinStreak IOS.app/$(BUNDLE_EXECUTABLE_FOLDER_PATH)/CoinStreak IOS";
				VALIDATE_PRODUCT = YES;
			};
			name = Trailer;
		};
		A41B99FD2E9B621100D7059D /* Trailer */ = {
			isa = XCBuildConfiguration;
			buildSettings = {
				CODE_SIGN_STYLE = Automatic;
				CURRENT_PROJECT_VERSION = 1;
				GENERATE_INFOPLIST_FILE = YES;
				IPHONEOS_DEPLOYMENT_TARGET = 18.0;
				MARKETING_VERSION = 1.0;
				PRODUCT_BUNDLE_IDENTIFIER = "HorizonRidge.CoinStreak-IOSUITests";
				PRODUCT_NAME = "$(TARGET_NAME)";
				SDKROOT = iphoneos;
				SWIFT_EMIT_LOC_STRINGS = NO;
				SWIFT_VERSION = 5.0;
				TARGETED_DEVICE_FAMILY = "1,2";
				TEST_TARGET_NAME = "CoinStreak IOS";
				VALIDATE_PRODUCT = YES;
			};
			name = Trailer;
		};
		A45109352E904C7F00E4AE05 /* Debug */ = {
			isa = XCBuildConfiguration;
			buildSettings = {
				ALWAYS_SEARCH_USER_PATHS = NO;
				ASSETCATALOG_COMPILER_GENERATE_SWIFT_ASSET_SYMBOL_EXTENSIONS = YES;
				CLANG_ANALYZER_NONNULL = YES;
				CLANG_ANALYZER_NUMBER_OBJECT_CONVERSION = YES_AGGRESSIVE;
				CLANG_CXX_LANGUAGE_STANDARD = "gnu++20";
				CLANG_ENABLE_MODULES = YES;
				CLANG_ENABLE_OBJC_ARC = YES;
				CLANG_ENABLE_OBJC_WEAK = YES;
				CLANG_WARN_BLOCK_CAPTURE_AUTORELEASING = YES;
				CLANG_WARN_BOOL_CONVERSION = YES;
				CLANG_WARN_COMMA = YES;
				CLANG_WARN_CONSTANT_CONVERSION = YES;
				CLANG_WARN_DEPRECATED_OBJC_IMPLEMENTATIONS = YES;
				CLANG_WARN_DIRECT_OBJC_ISA_USAGE = YES_ERROR;
				CLANG_WARN_DOCUMENTATION_COMMENTS = YES;
				CLANG_WARN_EMPTY_BODY = YES;
				CLANG_WARN_ENUM_CONVERSION = YES;
				CLANG_WARN_INFINITE_RECURSION = YES;
				CLANG_WARN_INT_CONVERSION = YES;
				CLANG_WARN_NON_LITERAL_NULL_CONVERSION = YES;
				CLANG_WARN_OBJC_IMPLICIT_RETAIN_SELF = YES;
				CLANG_WARN_OBJC_LITERAL_CONVERSION = YES;
				CLANG_WARN_OBJC_ROOT_CLASS = YES_ERROR;
				CLANG_WARN_QUOTED_INCLUDE_IN_FRAMEWORK_HEADER = YES;
				CLANG_WARN_RANGE_LOOP_ANALYSIS = YES;
				CLANG_WARN_STRICT_PROTOTYPES = YES;
				CLANG_WARN_SUSPICIOUS_MOVE = YES;
				CLANG_WARN_UNGUARDED_AVAILABILITY = YES_AGGRESSIVE;
				CLANG_WARN_UNREACHABLE_CODE = YES;
				CLANG_WARN__DUPLICATE_METHOD_MATCH = YES;
				COPY_PHASE_STRIP = NO;
				DEBUG_INFORMATION_FORMAT = dwarf;
				ENABLE_STRICT_OBJC_MSGSEND = YES;
				ENABLE_TESTABILITY = YES;
				ENABLE_USER_SCRIPT_SANDBOXING = YES;
				GCC_C_LANGUAGE_STANDARD = gnu17;
				GCC_DYNAMIC_NO_PIC = NO;
				GCC_NO_COMMON_BLOCKS = YES;
				GCC_OPTIMIZATION_LEVEL = 0;
				GCC_PREPROCESSOR_DEFINITIONS = (
					"DEBUG=1",
					"$(inherited)",
				);
				GCC_WARN_64_TO_32_BIT_CONVERSION = YES;
				GCC_WARN_ABOUT_RETURN_TYPE = YES_ERROR;
				GCC_WARN_UNDECLARED_SELECTOR = YES;
				GCC_WARN_UNINITIALIZED_AUTOS = YES_AGGRESSIVE;
				GCC_WARN_UNUSED_FUNCTION = YES;
				GCC_WARN_UNUSED_VARIABLE = YES;
				LOCALIZATION_PREFERS_STRING_CATALOGS = YES;
				MACOSX_DEPLOYMENT_TARGET = 15.0;
				MTL_ENABLE_DEBUG_INFO = INCLUDE_SOURCE;
				MTL_FAST_MATH = YES;
				ONLY_ACTIVE_ARCH = YES;
				SDKROOT = macosx;
				SWIFT_ACTIVE_COMPILATION_CONDITIONS = "DEBUG $(inherited)";
				SWIFT_OPTIMIZATION_LEVEL = "-Onone";
			};
			name = Debug;
		};
		A45109362E904C7F00E4AE05 /* Release */ = {
			isa = XCBuildConfiguration;
			buildSettings = {
				ALWAYS_SEARCH_USER_PATHS = NO;
				ASSETCATALOG_COMPILER_GENERATE_SWIFT_ASSET_SYMBOL_EXTENSIONS = YES;
				CLANG_ANALYZER_NONNULL = YES;
				CLANG_ANALYZER_NUMBER_OBJECT_CONVERSION = YES_AGGRESSIVE;
				CLANG_CXX_LANGUAGE_STANDARD = "gnu++20";
				CLANG_ENABLE_MODULES = YES;
				CLANG_ENABLE_OBJC_ARC = YES;
				CLANG_ENABLE_OBJC_WEAK = YES;
				CLANG_WARN_BLOCK_CAPTURE_AUTORELEASING = YES;
				CLANG_WARN_BOOL_CONVERSION = YES;
				CLANG_WARN_COMMA = YES;
				CLANG_WARN_CONSTANT_CONVERSION = YES;
				CLANG_WARN_DEPRECATED_OBJC_IMPLEMENTATIONS = YES;
				CLANG_WARN_DIRECT_OBJC_ISA_USAGE = YES_ERROR;
				CLANG_WARN_DOCUMENTATION_COMMENTS = YES;
				CLANG_WARN_EMPTY_BODY = YES;
				CLANG_WARN_ENUM_CONVERSION = YES;
				CLANG_WARN_INFINITE_RECURSION = YES;
				CLANG_WARN_INT_CONVERSION = YES;
				CLANG_WARN_NON_LITERAL_NULL_CONVERSION = YES;
				CLANG_WARN_OBJC_IMPLICIT_RETAIN_SELF = YES;
				CLANG_WARN_OBJC_LITERAL_CONVERSION = YES;
				CLANG_WARN_OBJC_ROOT_CLASS = YES_ERROR;
				CLANG_WARN_QUOTED_INCLUDE_IN_FRAMEWORK_HEADER = YES;
				CLANG_WARN_RANGE_LOOP_ANALYSIS = YES;
				CLANG_WARN_STRICT_PROTOTYPES = YES;
				CLANG_WARN_SUSPICIOUS_MOVE = YES;
				CLANG_WARN_UNGUARDED_AVAILABILITY = YES_AGGRESSIVE;
				CLANG_WARN_UNREACHABLE_CODE = YES;
				CLANG_WARN__DUPLICATE_METHOD_MATCH = YES;
				COPY_PHASE_STRIP = NO;
				DEBUG_INFORMATION_FORMAT = "dwarf-with-dsym";
				ENABLE_NS_ASSERTIONS = NO;
				ENABLE_STRICT_OBJC_MSGSEND = YES;
				ENABLE_USER_SCRIPT_SANDBOXING = YES;
				GCC_C_LANGUAGE_STANDARD = gnu17;
				GCC_NO_COMMON_BLOCKS = YES;
				GCC_WARN_64_TO_32_BIT_CONVERSION = YES;
				GCC_WARN_ABOUT_RETURN_TYPE = YES_ERROR;
				GCC_WARN_UNDECLARED_SELECTOR = YES;
				GCC_WARN_UNINITIALIZED_AUTOS = YES_AGGRESSIVE;
				GCC_WARN_UNUSED_FUNCTION = YES;
				GCC_WARN_UNUSED_VARIABLE = YES;
				LOCALIZATION_PREFERS_STRING_CATALOGS = YES;
				MACOSX_DEPLOYMENT_TARGET = 15.0;
				MTL_ENABLE_DEBUG_INFO = NO;
				MTL_FAST_MATH = YES;
				SDKROOT = macosx;
				SWIFT_COMPILATION_MODE = wholemodule;
			};
			name = Release;
		};
		A45109682E90546100E4AE05 /* Debug */ = {
			isa = XCBuildConfiguration;
			buildSettings = {
				ASSETCATALOG_COMPILER_APPICON_NAME = AppIcon;
				ASSETCATALOG_COMPILER_GLOBAL_ACCENT_COLOR_NAME = AccentColor;
				CODE_SIGN_STYLE = Automatic;
				COPY_PHASE_STRIP = NO;
				CURRENT_PROJECT_VERSION = 5;
				DEVELOPMENT_ASSET_PATHS = "\"CoinStreak IOS/Preview Content\"";
				DEVELOPMENT_TEAM = JL27N9Z2S7;
				ENABLE_PREVIEWS = YES;
				GENERATE_INFOPLIST_FILE = YES;
				INFOPLIST_KEY_CFBundleDisplayName = "Flip Streak";
				INFOPLIST_KEY_LSApplicationCategoryType = "public.app-category.games";
				INFOPLIST_KEY_UIAppFonts = Fonts/Herculanum.ttf;
				INFOPLIST_KEY_UIApplicationSceneManifest_Generation = YES;
				INFOPLIST_KEY_UIApplicationSupportsIndirectInputEvents = YES;
				INFOPLIST_KEY_UILaunchScreen_Generation = YES;
				INFOPLIST_KEY_UISupportedInterfaceOrientations = UIInterfaceOrientationPortrait;
				IPHONEOS_DEPLOYMENT_TARGET = 18.0;
				LD_RUNPATH_SEARCH_PATHS = (
					"$(inherited)",
					"@executable_path/Frameworks",
				);
				MARKETING_VERSION = 1.0.2;
				PRODUCT_BUNDLE_IDENTIFIER = "HorizonRidge.CoinStreak-IOS";
				PRODUCT_NAME = "$(TARGET_NAME)";
				SDKROOT = iphoneos;
				SUPPORTED_PLATFORMS = "iphoneos iphonesimulator";
				SUPPORTS_MACCATALYST = NO;
				SUPPORTS_MAC_DESIGNED_FOR_IPHONE_IPAD = NO;
				SUPPORTS_XR_DESIGNED_FOR_IPHONE_IPAD = NO;
				SWIFT_EMIT_LOC_STRINGS = YES;
				SWIFT_VERSION = 5.0;
				TARGETED_DEVICE_FAMILY = 1;
			};
			name = Debug;
		};
		A45109692E90546100E4AE05 /* Release */ = {
			isa = XCBuildConfiguration;
			buildSettings = {
				ASSETCATALOG_COMPILER_APPICON_NAME = AppIcon;
				ASSETCATALOG_COMPILER_GLOBAL_ACCENT_COLOR_NAME = AccentColor;
				CODE_SIGN_STYLE = Automatic;
				COPY_PHASE_STRIP = YES;
				CURRENT_PROJECT_VERSION = 5;
				DEVELOPMENT_ASSET_PATHS = "\"CoinStreak IOS/Preview Content\"";
				DEVELOPMENT_TEAM = JL27N9Z2S7;
				ENABLE_PREVIEWS = YES;
				GENERATE_INFOPLIST_FILE = YES;
				INFOPLIST_KEY_CFBundleDisplayName = "Flip Streak";
				INFOPLIST_KEY_LSApplicationCategoryType = "public.app-category.games";
				INFOPLIST_KEY_UIAppFonts = Fonts/Herculanum.ttf;
				INFOPLIST_KEY_UIApplicationSceneManifest_Generation = YES;
				INFOPLIST_KEY_UIApplicationSupportsIndirectInputEvents = YES;
				INFOPLIST_KEY_UILaunchScreen_Generation = YES;
				INFOPLIST_KEY_UISupportedInterfaceOrientations = UIInterfaceOrientationPortrait;
				IPHONEOS_DEPLOYMENT_TARGET = 18.0;
				LD_RUNPATH_SEARCH_PATHS = (
					"$(inherited)",
					"@executable_path/Frameworks",
				);
				MARKETING_VERSION = 1.0.2;
				PRODUCT_BUNDLE_IDENTIFIER = com.horizonridge.coinstreak;
				PRODUCT_NAME = "Flip Streak";
				SDKROOT = iphoneos;
				SUPPORTED_PLATFORMS = "iphoneos iphonesimulator";
				SUPPORTS_MACCATALYST = NO;
				SUPPORTS_MAC_DESIGNED_FOR_IPHONE_IPAD = NO;
				SUPPORTS_XR_DESIGNED_FOR_IPHONE_IPAD = NO;
				SWIFT_EMIT_LOC_STRINGS = YES;
				SWIFT_VERSION = 5.0;
				TARGETED_DEVICE_FAMILY = 1;
				VALIDATE_PRODUCT = YES;
			};
			name = Release;
		};
		A451096B2E90546100E4AE05 /* Debug */ = {
			isa = XCBuildConfiguration;
			buildSettings = {
				BUNDLE_LOADER = "$(TEST_HOST)";
				CODE_SIGN_STYLE = Automatic;
				CURRENT_PROJECT_VERSION = 1;
				GENERATE_INFOPLIST_FILE = YES;
				IPHONEOS_DEPLOYMENT_TARGET = 18.0;
				MARKETING_VERSION = 1.0;
				PRODUCT_BUNDLE_IDENTIFIER = "HorizonRidge.CoinStreak-IOSTests";
				PRODUCT_NAME = "$(TARGET_NAME)";
				SDKROOT = iphoneos;
				SWIFT_EMIT_LOC_STRINGS = NO;
				SWIFT_VERSION = 5.0;
				TARGETED_DEVICE_FAMILY = "1,2";
				TEST_HOST = "$(BUILT_PRODUCTS_DIR)/CoinStreak IOS.app/$(BUNDLE_EXECUTABLE_FOLDER_PATH)/CoinStreak IOS";
			};
			name = Debug;
		};
		A451096C2E90546100E4AE05 /* Release */ = {
			isa = XCBuildConfiguration;
			buildSettings = {
				BUNDLE_LOADER = "$(TEST_HOST)";
				CODE_SIGN_STYLE = Automatic;
				CURRENT_PROJECT_VERSION = 1;
				GENERATE_INFOPLIST_FILE = YES;
				IPHONEOS_DEPLOYMENT_TARGET = 18.0;
				MARKETING_VERSION = 1.0;
				PRODUCT_BUNDLE_IDENTIFIER = "HorizonRidge.CoinStreak-IOSTests";
				PRODUCT_NAME = "$(TARGET_NAME)";
				SDKROOT = iphoneos;
				SWIFT_EMIT_LOC_STRINGS = NO;
				SWIFT_VERSION = 5.0;
				TARGETED_DEVICE_FAMILY = "1,2";
				TEST_HOST = "$(BUILT_PRODUCTS_DIR)/CoinStreak IOS.app/$(BUNDLE_EXECUTABLE_FOLDER_PATH)/CoinStreak IOS";
				VALIDATE_PRODUCT = YES;
			};
			name = Release;
		};
		A451096E2E90546100E4AE05 /* Debug */ = {
			isa = XCBuildConfiguration;
			buildSettings = {
				CODE_SIGN_STYLE = Automatic;
				CURRENT_PROJECT_VERSION = 1;
				GENERATE_INFOPLIST_FILE = YES;
				IPHONEOS_DEPLOYMENT_TARGET = 18.0;
				MARKETING_VERSION = 1.0;
				PRODUCT_BUNDLE_IDENTIFIER = "HorizonRidge.CoinStreak-IOSUITests";
				PRODUCT_NAME = "$(TARGET_NAME)";
				SDKROOT = iphoneos;
				SWIFT_EMIT_LOC_STRINGS = NO;
				SWIFT_VERSION = 5.0;
				TARGETED_DEVICE_FAMILY = "1,2";
				TEST_TARGET_NAME = "CoinStreak IOS";
			};
			name = Debug;
		};
		A451096F2E90546100E4AE05 /* Release */ = {
			isa = XCBuildConfiguration;
			buildSettings = {
				CODE_SIGN_STYLE = Automatic;
				CURRENT_PROJECT_VERSION = 1;
				GENERATE_INFOPLIST_FILE = YES;
				IPHONEOS_DEPLOYMENT_TARGET = 18.0;
				MARKETING_VERSION = 1.0;
				PRODUCT_BUNDLE_IDENTIFIER = "HorizonRidge.CoinStreak-IOSUITests";
				PRODUCT_NAME = "$(TARGET_NAME)";
				SDKROOT = iphoneos;
				SWIFT_EMIT_LOC_STRINGS = NO;
				SWIFT_VERSION = 5.0;
				TARGETED_DEVICE_FAMILY = "1,2";
				TEST_TARGET_NAME = "CoinStreak IOS";
				VALIDATE_PRODUCT = YES;
			};
			name = Release;
		};
/* End XCBuildConfiguration section */

/* Begin XCConfigurationList section */
		A451090D2E904C7D00E4AE05 /* Build configuration list for PBXProject "CoinStreak" */ = {
			isa = XCConfigurationList;
			buildConfigurations = (
				A45109352E904C7F00E4AE05 /* Debug */,
				A45109362E904C7F00E4AE05 /* Release */,
				A41B99FA2E9B621100D7059D /* Trailer */,
			);
			defaultConfigurationIsVisible = 0;
			defaultConfigurationName = Release;
		};
		A45109672E90546100E4AE05 /* Build configuration list for PBXNativeTarget "CoinStreak IOS" */ = {
			isa = XCConfigurationList;
			buildConfigurations = (
				A45109682E90546100E4AE05 /* Debug */,
				A45109692E90546100E4AE05 /* Release */,
				A41B99FB2E9B621100D7059D /* Trailer */,
			);
			defaultConfigurationIsVisible = 0;
			defaultConfigurationName = Release;
		};
		A451096A2E90546100E4AE05 /* Build configuration list for PBXNativeTarget "CoinStreak IOSTests" */ = {
			isa = XCConfigurationList;
			buildConfigurations = (
				A451096B2E90546100E4AE05 /* Debug */,
				A451096C2E90546100E4AE05 /* Release */,
				A41B99FC2E9B621100D7059D /* Trailer */,
			);
			defaultConfigurationIsVisible = 0;
			defaultConfigurationName = Release;
		};
		A451096D2E90546100E4AE05 /* Build configuration list for PBXNativeTarget "CoinStreak IOSUITests" */ = {
			isa = XCConfigurationList;
			buildConfigurations = (
				A451096E2E90546100E4AE05 /* Debug */,
				A451096F2E90546100E4AE05 /* Release */,
				A41B99FD2E9B621100D7059D /* Trailer */,
			);
			defaultConfigurationIsVisible = 0;
			defaultConfigurationName = Release;
		};
/* End XCConfigurationList section */
	};
	rootObject = A451090A2E904C7D00E4AE05 /* Project object */;
}
